Microsoft Visual Studio Solution File, Format Version 12.00
# Visual Studio 15
VisualStudioVersion = 15.0.28307.852
MinimumVisualStudioVersion = 10.0.40219.1 
Project("{8BC9CEB8-8B4A-11D0-8D11-00A0C91BC942}") = "ex_addinst", "ex_addinst\ex_addinst.vcxproj", "{4A79199A-90DB-4DA3-9027-36235210C8E9}"
EndProject
Project("{8BC9CEB8-8B4A-11D0-8D11-00A0C91BC942}") = "ex_dist_eval", "ex_dist_eval\ex_dist_eval.vcxproj", "{16ED2890-9482-434A-908E-6EFACFD8198E}"
EndProject
Project("{8BC9CEB8-8B4A-11D0-8D11-00A0C91BC942}") = "ex_dist_gen", "ex_dist_gen\ex_dist_gen.vcxproj", "{A28043F1-2F17-4ADE-B3DC-8DD8A9396B98}"
EndProject
Project("{8BC9CEB8-8B4A-11D0-8D11-00A0C91BC942}") = "ex_dw", "ex_dw\ex_dw.vcxproj", "{76E5B2CD-60A6-450C-A27C-F4D5B376FA80}"
EndProject
Project("{8BC9CEB8-8B4A-11D0-8D11-00A0C91BC942}") = "ex_iis", "ex_iis\ex_iis.vcxproj", "{57861CCD-E181-49FC-8B0D-FCD14E146C59}"
EndProject
Project("{8BC9CEB8-8B4A-11D0-8D11-00A0C91BC942}") = "ex_iostream", "ex_iostream\ex_iostream.vcxproj", "{61FB61AF-5318-43B4-8758-CB5E3BB825C4}"
EndProject
Project("{8BC9CEB8-8B4A-11D0-8D11-00A0C91BC942}") = "ex_lp2", "ex_lp2\ex_lp2.vcxproj", "{0119D928-EE03-4023-B70A-F73AC59D4CE7}"
EndProject
Project("{8BC9CEB8-8B4A-11D0-8D11-00A0C91BC942}") = "ex_markow", "ex_markow\ex_markow.vcxproj", "{2B22E77B-88F7-4F1D-86CC-7F9CCB7E4129}"
EndProject
Project("{8BC9CEB8-8B4A-11D0-8D11-00A0C91BC942}") = "ex_modify", "ex_modify\ex_modify.vcxproj", "{93A290BD-6F09-4A37-B348-9995C1324E13}"
EndProject
Project("{8BC9CEB8-8B4A-11D0-8D11-00A0C91BC942}") = "ex_mps", "ex_mps\ex_mps.vcxproj", "{1356DCFC-1BF7-4A87-84CF-1D4AAEDB28BC}"
EndProject
Project("{8BC9CEB8-8B4A-11D0-8D11-00A0C91BC942}") = "ex_mt1", "ex_mt1\ex_mt1.vcxproj", "{478AF71E-D30C-455F-804F-6F3390E97D26}"
EndProject
Project("{8BC9CEB8-8B4A-11D0-8D11-00A0C91BC942}") = "ex_nlp1", "ex_nlp1\ex_nlp1.vcxproj", "{5BE80CC7-6095-4EFA-A2DA-04A0418F9892}"
EndProject
Project("{8BC9CEB8-8B4A-11D0-8D11-00A0C91BC942}") = "ex_nlp2", "ex_nlp2\ex_nlp2.vcxproj", "{FAF6C53D-CE14-4F78-B0F5-62B6566734AF}"
EndProject
Project("{8BC9CEB8-8B4A-11D0-8D11-00A0C91BC942}") = "ex_nlp3", "ex_nlp3\ex_nlp3.vcxproj", "{F64D5559-BE28-4C52-A1B2-FE197C265CB0}"
EndProject
Project("{8BC9CEB8-8B4A-11D0-8D11-00A0C91BC942}") = "ex_nlp4", "ex_nlp4\ex_nlp4.vcxproj", "{53EF478D-76C3-4092-B462-0C70BE08A62B}"
EndProject
Project("{8BC9CEB8-8B4A-11D0-8D11-00A0C91BC942}") = "ex_nlp5", "ex_nlp5\ex_nlp5.vcxproj", "{B7486ADA-E063-4656-B56D-361E1A185D73}"
EndProject
Project("{8BC9CEB8-8B4A-11D0-8D11-00A0C91BC942}") = "ex_nlp6", "ex_nlp6\ex_nlp6.vcxproj", "{D9B9332F-7D57-48EE-B602-AF3127BCD9B2}"
EndProject
Project("{8BC9CEB8-8B4A-11D0-8D11-00A0C91BC942}") = "ex_port", "ex_port\ex_port.vcxproj", "{24813D56-89C3-48EE-A644-E97DB778F397}"
EndProject
Project("{8BC9CEB8-8B4A-11D0-8D11-00A0C91BC942}") = "ex_samp1", "ex_samp1\ex_samp1.vcxproj", "{E8256A73-5168-4595-9E1F-C0D50CDB83D5}"
EndProject
Project("{8BC9CEB8-8B4A-11D0-8D11-00A0C91BC942}") = "ex_samp2", "ex_samp2\ex_samp2.vcxproj", "{9A1907FD-DE4C-4407-83B1-F7BAA67D3E35}"
EndProject
Project("{8BC9CEB8-8B4A-11D0-8D11-00A0C91BC942}") = "ex_soc1", "ex_soc1\ex_soc1.vcxproj", "{47C38184-7F78-41A3-BC77-E88A974E8B9D}"
EndProject
Project("{8BC9CEB8-8B4A-11D0-8D11-00A0C91BC942}") = "ex_soc2", "ex_soc2\ex_soc2.vcxproj", "{4D83F76B-030F-4A1C-AC9C-1A1057530969}"
EndProject
Project("{8BC9CEB8-8B4A-11D0-8D11-00A0C91BC942}") = "ex_sp_bondstok", "ex_sp_bondstok\ex_sp_bondstok.vcxproj", "{98C0DA35-2216-44F1-8F18-E4BF54B1101D}"
EndProject
Project("{8BC9CEB8-8B4A-11D0-8D11-00A0C91BC942}") = "ex_sp_corr", "ex_sp_corr\ex_sp_corr.vcxproj", "{D9BD2E4A-FD00-4ECC-9ECC-26F090B07435}"
EndProject
Project("{8BC9CEB8-8B4A-11D0-8D11-00A0C91BC942}") = "ex_sp_newsboy", "ex_sp_newsboy\ex_sp_newsboy.vcxproj", "{E9477709-DDDE-4E15-8951-9A87D325E8F1}"
EndProject
Project("{8BC9CEB8-8B4A-11D0-8D11-00A0C91BC942}") = "ex_sp_putoption", "ex_sp_putoption\ex_sp_putoption.vcxproj", "{3A28D691-433C-482F-BB7F-961CE70D1270}"
EndProject
Project("{8BC9CEB8-8B4A-11D0-8D11-00A0C91BC942}") = "ex_user", "ex_user\ex_user.vcxproj", "{A861ECCE-97C7-4955-81DE-5EE259807A7A}"
EndProject
Project("{8BC9CEB8-8B4A-11D0-8D11-00A0C91BC942}") = "ex_user2", "ex_user2\ex_user2.vcxproj", "{225C32A5-376A-4BDB-AB9E-28FECE57AA7D}"
EndProject
Project("{8BC9CEB8-8B4A-11D0-8D11-00A0C91BC942}") = "ex_xray", "ex_xray\ex_xray.vcxproj", "{6B33EE69-9BE2-4F80-938D-F3467F61F73A}"
EndProject
Project("{8BC9CEB8-8B4A-11D0-8D11-00A0C91BC942}") = "stafflnd", "ex_samp4\stafflnd.vcxproj", "{8F63DBD5-83EC-4363-B4CD-BF43BBF17F1E}"
EndProject
Project("{8BC9CEB8-8B4A-11D0-8D11-00A0C91BC942}") = "ex_nlp9_uc", "ex_nlp9_uc\ex_nlp9_uc.vcxproj", "{206CD330-859A-48A4-ABDB-EA7044A981EB}"
EndProject
Project("{8BC9CEB8-8B4A-11D0-8D11-00A0C91BC942}") = "ex_datetime", "ex_datetime\ex_datetime.vcxproj", "{59521152-49BA-4212-9A6C-E8427507A4B3}"
EndProject
Project("{8BC9CEB8-8B4A-11D0-8D11-00A0C91BC942}") = "ex_sdp1", "ex_sdp1\ex_sdp1.vcxproj", "{8800C851-24AF-474C-A631-761A14A5E278}"
EndProject
Project("{8BC9CEB8-8B4A-11D0-8D11-00A0C91BC942}") = "ex_sdp2", "ex_sdp2\ex_sdp2.vcxproj", "{2ABFAA9B-7E79-4A96-9B0C-8FC727ABADA5}"
EndProject
Project("{8BC9CEB8-8B4A-11D0-8D11-00A0C91BC942}") = "ex_ccp_kilosa", "ex_ccp_kilosa\ex_ccp_kilosa.vcxproj", "{4AAEB1F0-3784-4798-B23C-237510B9553F}"
EndProject
Project("{8BC9CEB8-8B4A-11D0-8D11-00A0C91BC942}") = "ex_multis", "ex_multis\ex_multis.vcxproj", "{F94BE277-C639-46F3-88C0-BC14C993B0EB}"
EndProject
Project("{8BC9CEB8-8B4A-11D0-8D11-00A0C91BC942}") = "ex_nlp2_lnrz", "ex_nlp2_lnrz\ex_nlp2_lnrz.vcxproj", "{F1CD8E5D-CA85-4D0D-BC46-4FEDE3A8D614}"
EndProject
Project("{8BC9CEB8-8B4A-11D0-8D11-00A0C91BC942}") = "ex_nlp7", "ex_nlp7\ex_nlp7.vcxproj", "{EE535F8C-63FD-49E8-9457-4467DDA711E6}"
EndProject
Project("{8BC9CEB8-8B4A-11D0-8D11-00A0C91BC942}") = "ex_nlp8", "ex_nlp8\ex_nlp8.vcxproj", "{A5844E9A-B7FA-4B3A-8AA5-3D01674A4EF7}"
EndProject
Project("{8BC9CEB8-8B4A-11D0-8D11-00A0C91BC942}") = "ex_qp_soc", "ex_qp_soc\ex_qp_soc.vcxproj", "{C36804DC-DD24-4DAE-BEB9-57F4B41D2E18}"
EndProject
Project("{8BC9CEB8-8B4A-11D0-8D11-00A0C91BC942}") = "ex_objpool", "ex_objpool\ex_objpool.vcxproj", "{FE5F5FCD-3678-4B88-B5C2-5064F4EEEA7D}"
EndProject
Project("{8BC9CEB8-8B4A-11D0-8D11-00A0C91BC942}") = "ex_user3", "ex_user3\ex_user3.vcxproj", "{D8B7C78A-C198-4C68-8A18-36827B792093}"
EndProject
Project("{8BC9CEB8-8B4A-11D0-8D11-00A0C91BC942}") = "ex_orbits", "ex_orbits\ex_orbits.vcxproj", "{F0283D12-891F-4B52-A06E-3D1FFEF09A7B}"
EndProject
Project("{8BC9CEB8-8B4A-11D0-8D11-00A0C91BC942}") = "ex_alldiff", "ex_alldiff\ex_alldiff.vcxproj", "{3A2AB175-EE19-4078-8351-1CD9B0D0A318}"
EndProject
Project("{8BC9CEB8-8B4A-11D0-8D11-00A0C91BC942}") = "ex_tuner", "ex_tuner\ex_tuner.vcxproj", "{D2301B1B-C737-4152-9775-1D5B818B353D}"
EndProject
Project("{8BC9CEB8-8B4A-11D0-8D11-00A0C91BC942}") = "ex_objlex", "ex_objlex\ex_objlex.vcxproj", "{C1914B37-1933-40A3-9F77-BA94F80B02E0}"
EndProject
Global
	GlobalSection(SolutionConfigurationPlatforms) = preSolution
		Debug|Win32 = Debug|Win32
		Debug|x64 = Debug|x64
		Release|Win32 = Release|Win32
		Release|x64 = Release|x64
	EndGlobalSection
	GlobalSection(ProjectConfigurationPlatforms) = postSolution
		{4A79199A-90DB-4DA3-9027-36235210C8E9}.Debug|Win32.ActiveCfg = Debug|Win32
		{4A79199A-90DB-4DA3-9027-36235210C8E9}.Debug|Win32.Build.0 = Debug|Win32
		{4A79199A-90DB-4DA3-9027-36235210C8E9}.Debug|x64.ActiveCfg = Debug|x64
		{4A79199A-90DB-4DA3-9027-36235210C8E9}.Debug|x64.Build.0 = Debug|x64
		{4A79199A-90DB-4DA3-9027-36235210C8E9}.Release|Win32.ActiveCfg = Release|Win32
		{4A79199A-90DB-4DA3-9027-36235210C8E9}.Release|Win32.Build.0 = Release|Win32
		{4A79199A-90DB-4DA3-9027-36235210C8E9}.Release|x64.ActiveCfg = Release|x64
		{4A79199A-90DB-4DA3-9027-36235210C8E9}.Release|x64.Build.0 = Release|x64
		{16ED2890-9482-434A-908E-6EFACFD8198E}.Debug|Win32.ActiveCfg = Debug|Win32
		{16ED2890-9482-434A-908E-6EFACFD8198E}.Debug|Win32.Build.0 = Debug|Win32
		{16ED2890-9482-434A-908E-6EFACFD8198E}.Debug|x64.ActiveCfg = Debug|x64
		{16ED2890-9482-434A-908E-6EFACFD8198E}.Debug|x64.Build.0 = Debug|x64
		{16ED2890-9482-434A-908E-6EFACFD8198E}.Release|Win32.ActiveCfg = Release|Win32
		{16ED2890-9482-434A-908E-6EFACFD8198E}.Release|Win32.Build.0 = Release|Win32
		{16ED2890-9482-434A-908E-6EFACFD8198E}.Release|x64.ActiveCfg = Release|x64
		{16ED2890-9482-434A-908E-6EFACFD8198E}.Release|x64.Build.0 = Release|x64
		{A28043F1-2F17-4ADE-B3DC-8DD8A9396B98}.Debug|Win32.ActiveCfg = Debug|Win32
		{A28043F1-2F17-4ADE-B3DC-8DD8A9396B98}.Debug|Win32.Build.0 = Debug|Win32
		{A28043F1-2F17-4ADE-B3DC-8DD8A9396B98}.Debug|x64.ActiveCfg = Debug|x64
		{A28043F1-2F17-4ADE-B3DC-8DD8A9396B98}.Debug|x64.Build.0 = Debug|x64
		{A28043F1-2F17-4ADE-B3DC-8DD8A9396B98}.Release|Win32.ActiveCfg = Release|Win32
		{A28043F1-2F17-4ADE-B3DC-8DD8A9396B98}.Release|Win32.Build.0 = Release|Win32
		{A28043F1-2F17-4ADE-B3DC-8DD8A9396B98}.Release|x64.ActiveCfg = Release|x64
		{A28043F1-2F17-4ADE-B3DC-8DD8A9396B98}.Release|x64.Build.0 = Release|x64
		{76E5B2CD-60A6-450C-A27C-F4D5B376FA80}.Debug|Win32.ActiveCfg = Debug|Win32
		{76E5B2CD-60A6-450C-A27C-F4D5B376FA80}.Debug|Win32.Build.0 = Debug|Win32
		{76E5B2CD-60A6-450C-A27C-F4D5B376FA80}.Debug|x64.ActiveCfg = Debug|x64
		{76E5B2CD-60A6-450C-A27C-F4D5B376FA80}.Debug|x64.Build.0 = Debug|x64
		{76E5B2CD-60A6-450C-A27C-F4D5B376FA80}.Release|Win32.ActiveCfg = Release|Win32
		{76E5B2CD-60A6-450C-A27C-F4D5B376FA80}.Release|Win32.Build.0 = Release|Win32
		{76E5B2CD-60A6-450C-A27C-F4D5B376FA80}.Release|x64.ActiveCfg = Release|x64
		{76E5B2CD-60A6-450C-A27C-F4D5B376FA80}.Release|x64.Build.0 = Release|x64
		{57861CCD-E181-49FC-8B0D-FCD14E146C59}.Debug|Win32.ActiveCfg = Debug|Win32
		{57861CCD-E181-49FC-8B0D-FCD14E146C59}.Debug|Win32.Build.0 = Debug|Win32
		{57861CCD-E181-49FC-8B0D-FCD14E146C59}.Debug|x64.ActiveCfg = Debug|x64
		{57861CCD-E181-49FC-8B0D-FCD14E146C59}.Debug|x64.Build.0 = Debug|x64
		{57861CCD-E181-49FC-8B0D-FCD14E146C59}.Release|Win32.ActiveCfg = Release|Win32
		{57861CCD-E181-49FC-8B0D-FCD14E146C59}.Release|Win32.Build.0 = Release|Win32
		{57861CCD-E181-49FC-8B0D-FCD14E146C59}.Release|x64.ActiveCfg = Release|x64
		{57861CCD-E181-49FC-8B0D-FCD14E146C59}.Release|x64.Build.0 = Release|x64
		{61FB61AF-5318-43B4-8758-CB5E3BB825C4}.Debug|Win32.ActiveCfg = Debug|Win32
		{61FB61AF-5318-43B4-8758-CB5E3BB825C4}.Debug|Win32.Build.0 = Debug|Win32
		{61FB61AF-5318-43B4-8758-CB5E3BB825C4}.Debug|x64.ActiveCfg = Debug|x64
		{61FB61AF-5318-43B4-8758-CB5E3BB825C4}.Debug|x64.Build.0 = Debug|x64
		{61FB61AF-5318-43B4-8758-CB5E3BB825C4}.Release|Win32.ActiveCfg = Release|Win32
		{61FB61AF-5318-43B4-8758-CB5E3BB825C4}.Release|Win32.Build.0 = Release|Win32
		{61FB61AF-5318-43B4-8758-CB5E3BB825C4}.Release|x64.ActiveCfg = Release|x64
		{61FB61AF-5318-43B4-8758-CB5E3BB825C4}.Release|x64.Build.0 = Release|x64
		{0119D928-EE03-4023-B70A-F73AC59D4CE7}.Debug|Win32.ActiveCfg = Debug|Win32
		{0119D928-EE03-4023-B70A-F73AC59D4CE7}.Debug|Win32.Build.0 = Debug|Win32
		{0119D928-EE03-4023-B70A-F73AC59D4CE7}.Debug|x64.ActiveCfg = Debug|x64
		{0119D928-EE03-4023-B70A-F73AC59D4CE7}.Debug|x64.Build.0 = Debug|x64
		{0119D928-EE03-4023-B70A-F73AC59D4CE7}.Release|Win32.ActiveCfg = Release|Win32
		{0119D928-EE03-4023-B70A-F73AC59D4CE7}.Release|Win32.Build.0 = Release|Win32
		{0119D928-EE03-4023-B70A-F73AC59D4CE7}.Release|x64.ActiveCfg = Release|x64
		{0119D928-EE03-4023-B70A-F73AC59D4CE7}.Release|x64.Build.0 = Release|x64
		{2B22E77B-88F7-4F1D-86CC-7F9CCB7E4129}.Debug|Win32.ActiveCfg = Debug|Win32
		{2B22E77B-88F7-4F1D-86CC-7F9CCB7E4129}.Debug|Win32.Build.0 = Debug|Win32
		{2B22E77B-88F7-4F1D-86CC-7F9CCB7E4129}.Debug|x64.ActiveCfg = Debug|x64
		{2B22E77B-88F7-4F1D-86CC-7F9CCB7E4129}.Debug|x64.Build.0 = Debug|x64
		{2B22E77B-88F7-4F1D-86CC-7F9CCB7E4129}.Release|Win32.ActiveCfg = Release|Win32
		{2B22E77B-88F7-4F1D-86CC-7F9CCB7E4129}.Release|Win32.Build.0 = Release|Win32
		{2B22E77B-88F7-4F1D-86CC-7F9CCB7E4129}.Release|x64.ActiveCfg = Release|x64
		{2B22E77B-88F7-4F1D-86CC-7F9CCB7E4129}.Release|x64.Build.0 = Release|x64
		{93A290BD-6F09-4A37-B348-9995C1324E13}.Debug|Win32.ActiveCfg = Debug|Win32
		{93A290BD-6F09-4A37-B348-9995C1324E13}.Debug|Win32.Build.0 = Debug|Win32
		{93A290BD-6F09-4A37-B348-9995C1324E13}.Debug|x64.ActiveCfg = Debug|x64
		{93A290BD-6F09-4A37-B348-9995C1324E13}.Debug|x64.Build.0 = Debug|x64
		{93A290BD-6F09-4A37-B348-9995C1324E13}.Release|Win32.ActiveCfg = Release|Win32
		{93A290BD-6F09-4A37-B348-9995C1324E13}.Release|Win32.Build.0 = Release|Win32
		{93A290BD-6F09-4A37-B348-9995C1324E13}.Release|x64.ActiveCfg = Release|x64
		{93A290BD-6F09-4A37-B348-9995C1324E13}.Release|x64.Build.0 = Release|x64
		{1356DCFC-1BF7-4A87-84CF-1D4AAEDB28BC}.Debug|Win32.ActiveCfg = Debug|Win32
		{1356DCFC-1BF7-4A87-84CF-1D4AAEDB28BC}.Debug|Win32.Build.0 = Debug|Win32
		{1356DCFC-1BF7-4A87-84CF-1D4AAEDB28BC}.Debug|x64.ActiveCfg = Debug|x64
		{1356DCFC-1BF7-4A87-84CF-1D4AAEDB28BC}.Debug|x64.Build.0 = Debug|x64
		{1356DCFC-1BF7-4A87-84CF-1D4AAEDB28BC}.Release|Win32.ActiveCfg = Release|Win32
		{1356DCFC-1BF7-4A87-84CF-1D4AAEDB28BC}.Release|Win32.Build.0 = Release|Win32
		{1356DCFC-1BF7-4A87-84CF-1D4AAEDB28BC}.Release|x64.ActiveCfg = Release|x64
		{1356DCFC-1BF7-4A87-84CF-1D4AAEDB28BC}.Release|x64.Build.0 = Release|x64
		{478AF71E-D30C-455F-804F-6F3390E97D26}.Debug|Win32.ActiveCfg = Debug|Win32
		{478AF71E-D30C-455F-804F-6F3390E97D26}.Debug|Win32.Build.0 = Debug|Win32
		{478AF71E-D30C-455F-804F-6F3390E97D26}.Debug|x64.ActiveCfg = Debug|x64
		{478AF71E-D30C-455F-804F-6F3390E97D26}.Debug|x64.Build.0 = Debug|x64
		{478AF71E-D30C-455F-804F-6F3390E97D26}.Release|Win32.ActiveCfg = Release|Win32
		{478AF71E-D30C-455F-804F-6F3390E97D26}.Release|Win32.Build.0 = Release|Win32
		{478AF71E-D30C-455F-804F-6F3390E97D26}.Release|x64.ActiveCfg = Release|x64
		{478AF71E-D30C-455F-804F-6F3390E97D26}.Release|x64.Build.0 = Release|x64
		{5BE80CC7-6095-4EFA-A2DA-04A0418F9892}.Debug|Win32.ActiveCfg = Debug|Win32
		{5BE80CC7-6095-4EFA-A2DA-04A0418F9892}.Debug|Win32.Build.0 = Debug|Win32
		{5BE80CC7-6095-4EFA-A2DA-04A0418F9892}.Debug|x64.ActiveCfg = Debug|x64
		{5BE80CC7-6095-4EFA-A2DA-04A0418F9892}.Debug|x64.Build.0 = Debug|x64
		{5BE80CC7-6095-4EFA-A2DA-04A0418F9892}.Release|Win32.ActiveCfg = Release|Win32
		{5BE80CC7-6095-4EFA-A2DA-04A0418F9892}.Release|Win32.Build.0 = Release|Win32
		{5BE80CC7-6095-4EFA-A2DA-04A0418F9892}.Release|x64.ActiveCfg = Release|x64
		{5BE80CC7-6095-4EFA-A2DA-04A0418F9892}.Release|x64.Build.0 = Release|x64
		{FAF6C53D-CE14-4F78-B0F5-62B6566734AF}.Debug|Win32.ActiveCfg = Debug|Win32
		{FAF6C53D-CE14-4F78-B0F5-62B6566734AF}.Debug|Win32.Build.0 = Debug|Win32
		{FAF6C53D-CE14-4F78-B0F5-62B6566734AF}.Debug|x64.ActiveCfg = Debug|x64
		{FAF6C53D-CE14-4F78-B0F5-62B6566734AF}.Debug|x64.Build.0 = Debug|x64
		{FAF6C53D-CE14-4F78-B0F5-62B6566734AF}.Release|Win32.ActiveCfg = Release|Win32
		{FAF6C53D-CE14-4F78-B0F5-62B6566734AF}.Release|Win32.Build.0 = Release|Win32
		{FAF6C53D-CE14-4F78-B0F5-62B6566734AF}.Release|x64.ActiveCfg = Release|x64
		{FAF6C53D-CE14-4F78-B0F5-62B6566734AF}.Release|x64.Build.0 = Release|x64
		{F64D5559-BE28-4C52-A1B2-FE197C265CB0}.Debug|Win32.ActiveCfg = Debug|Win32
		{F64D5559-BE28-4C52-A1B2-FE197C265CB0}.Debug|Win32.Build.0 = Debug|Win32
		{F64D5559-BE28-4C52-A1B2-FE197C265CB0}.Debug|x64.ActiveCfg = Debug|x64
		{F64D5559-BE28-4C52-A1B2-FE197C265CB0}.Debug|x64.Build.0 = Debug|x64
		{F64D5559-BE28-4C52-A1B2-FE197C265CB0}.Release|Win32.ActiveCfg = Release|Win32
		{F64D5559-BE28-4C52-A1B2-FE197C265CB0}.Release|Win32.Build.0 = Release|Win32
		{F64D5559-BE28-4C52-A1B2-FE197C265CB0}.Release|x64.ActiveCfg = Release|x64
		{F64D5559-BE28-4C52-A1B2-FE197C265CB0}.Release|x64.Build.0 = Release|x64
		{53EF478D-76C3-4092-B462-0C70BE08A62B}.Debug|Win32.ActiveCfg = Debug|Win32
		{53EF478D-76C3-4092-B462-0C70BE08A62B}.Debug|Win32.Build.0 = Debug|Win32
		{53EF478D-76C3-4092-B462-0C70BE08A62B}.Debug|x64.ActiveCfg = Debug|x64
		{53EF478D-76C3-4092-B462-0C70BE08A62B}.Debug|x64.Build.0 = Debug|x64
		{53EF478D-76C3-4092-B462-0C70BE08A62B}.Release|Win32.ActiveCfg = Release|Win32
		{53EF478D-76C3-4092-B462-0C70BE08A62B}.Release|Win32.Build.0 = Release|Win32
		{53EF478D-76C3-4092-B462-0C70BE08A62B}.Release|x64.ActiveCfg = Release|x64
		{53EF478D-76C3-4092-B462-0C70BE08A62B}.Release|x64.Build.0 = Release|x64
		{B7486ADA-E063-4656-B56D-361E1A185D73}.Debug|Win32.ActiveCfg = Debug|Win32
		{B7486ADA-E063-4656-B56D-361E1A185D73}.Debug|Win32.Build.0 = Debug|Win32
		{B7486ADA-E063-4656-B56D-361E1A185D73}.Debug|x64.ActiveCfg = Debug|x64
		{B7486ADA-E063-4656-B56D-361E1A185D73}.Debug|x64.Build.0 = Debug|x64
		{B7486ADA-E063-4656-B56D-361E1A185D73}.Release|Win32.ActiveCfg = Release|Win32
		{B7486ADA-E063-4656-B56D-361E1A185D73}.Release|Win32.Build.0 = Release|Win32
		{B7486ADA-E063-4656-B56D-361E1A185D73}.Release|x64.ActiveCfg = Release|x64
		{B7486ADA-E063-4656-B56D-361E1A185D73}.Release|x64.Build.0 = Release|x64
		{D9B9332F-7D57-48EE-B602-AF3127BCD9B2}.Debug|Win32.ActiveCfg = Debug|Win32
		{D9B9332F-7D57-48EE-B602-AF3127BCD9B2}.Debug|Win32.Build.0 = Debug|Win32
		{D9B9332F-7D57-48EE-B602-AF3127BCD9B2}.Debug|x64.ActiveCfg = Debug|x64
		{D9B9332F-7D57-48EE-B602-AF3127BCD9B2}.Debug|x64.Build.0 = Debug|x64
		{D9B9332F-7D57-48EE-B602-AF3127BCD9B2}.Release|Win32.ActiveCfg = Release|Win32
		{D9B9332F-7D57-48EE-B602-AF3127BCD9B2}.Release|Win32.Build.0 = Release|Win32
		{D9B9332F-7D57-48EE-B602-AF3127BCD9B2}.Release|x64.ActiveCfg = Release|x64
		{D9B9332F-7D57-48EE-B602-AF3127BCD9B2}.Release|x64.Build.0 = Release|x64
		{24813D56-89C3-48EE-A644-E97DB778F397}.Debug|Win32.ActiveCfg = Debug|Win32
		{24813D56-89C3-48EE-A644-E97DB778F397}.Debug|Win32.Build.0 = Debug|Win32
		{24813D56-89C3-48EE-A644-E97DB778F397}.Debug|x64.ActiveCfg = Debug|x64
		{24813D56-89C3-48EE-A644-E97DB778F397}.Debug|x64.Build.0 = Debug|x64
		{24813D56-89C3-48EE-A644-E97DB778F397}.Release|Win32.ActiveCfg = Release|Win32
		{24813D56-89C3-48EE-A644-E97DB778F397}.Release|Win32.Build.0 = Release|Win32
		{24813D56-89C3-48EE-A644-E97DB778F397}.Release|x64.ActiveCfg = Release|x64
		{24813D56-89C3-48EE-A644-E97DB778F397}.Release|x64.Build.0 = Release|x64
		{E8256A73-5168-4595-9E1F-C0D50CDB83D5}.Debug|Win32.ActiveCfg = Debug|Win32
		{E8256A73-5168-4595-9E1F-C0D50CDB83D5}.Debug|Win32.Build.0 = Debug|Win32
		{E8256A73-5168-4595-9E1F-C0D50CDB83D5}.Debug|x64.ActiveCfg = Debug|x64
		{E8256A73-5168-4595-9E1F-C0D50CDB83D5}.Debug|x64.Build.0 = Debug|x64
		{E8256A73-5168-4595-9E1F-C0D50CDB83D5}.Release|Win32.ActiveCfg = Release|Win32
		{E8256A73-5168-4595-9E1F-C0D50CDB83D5}.Release|Win32.Build.0 = Release|Win32
		{E8256A73-5168-4595-9E1F-C0D50CDB83D5}.Release|x64.ActiveCfg = Release|x64
		{E8256A73-5168-4595-9E1F-C0D50CDB83D5}.Release|x64.Build.0 = Release|x64
		{9A1907FD-DE4C-4407-83B1-F7BAA67D3E35}.Debug|Win32.ActiveCfg = Debug|Win32
		{9A1907FD-DE4C-4407-83B1-F7BAA67D3E35}.Debug|Win32.Build.0 = Debug|Win32
		{9A1907FD-DE4C-4407-83B1-F7BAA67D3E35}.Debug|x64.ActiveCfg = Debug|x64
		{9A1907FD-DE4C-4407-83B1-F7BAA67D3E35}.Debug|x64.Build.0 = Debug|x64
		{9A1907FD-DE4C-4407-83B1-F7BAA67D3E35}.Release|Win32.ActiveCfg = Release|Win32
		{9A1907FD-DE4C-4407-83B1-F7BAA67D3E35}.Release|Win32.Build.0 = Release|Win32
		{9A1907FD-DE4C-4407-83B1-F7BAA67D3E35}.Release|x64.ActiveCfg = Release|x64
		{9A1907FD-DE4C-4407-83B1-F7BAA67D3E35}.Release|x64.Build.0 = Release|x64
		{47C38184-7F78-41A3-BC77-E88A974E8B9D}.Debug|Win32.ActiveCfg = Debug|Win32
		{47C38184-7F78-41A3-BC77-E88A974E8B9D}.Debug|Win32.Build.0 = Debug|Win32
		{47C38184-7F78-41A3-BC77-E88A974E8B9D}.Debug|x64.ActiveCfg = Debug|x64
		{47C38184-7F78-41A3-BC77-E88A974E8B9D}.Debug|x64.Build.0 = Debug|x64
		{47C38184-7F78-41A3-BC77-E88A974E8B9D}.Release|Win32.ActiveCfg = Release|Win32
		{47C38184-7F78-41A3-BC77-E88A974E8B9D}.Release|Win32.Build.0 = Release|Win32
		{47C38184-7F78-41A3-BC77-E88A974E8B9D}.Release|x64.ActiveCfg = Release|x64
		{47C38184-7F78-41A3-BC77-E88A974E8B9D}.Release|x64.Build.0 = Release|x64
		{4D83F76B-030F-4A1C-AC9C-1A1057530969}.Debug|Win32.ActiveCfg = Debug|Win32
		{4D83F76B-030F-4A1C-AC9C-1A1057530969}.Debug|Win32.Build.0 = Debug|Win32
		{4D83F76B-030F-4A1C-AC9C-1A1057530969}.Debug|x64.ActiveCfg = Debug|x64
		{4D83F76B-030F-4A1C-AC9C-1A1057530969}.Debug|x64.Build.0 = Debug|x64
		{4D83F76B-030F-4A1C-AC9C-1A1057530969}.Release|Win32.ActiveCfg = Release|Win32
		{4D83F76B-030F-4A1C-AC9C-1A1057530969}.Release|Win32.Build.0 = Release|Win32
		{4D83F76B-030F-4A1C-AC9C-1A1057530969}.Release|x64.ActiveCfg = Release|x64
		{4D83F76B-030F-4A1C-AC9C-1A1057530969}.Release|x64.Build.0 = Release|x64
		{98C0DA35-2216-44F1-8F18-E4BF54B1101D}.Debug|Win32.ActiveCfg = Debug|Win32
		{98C0DA35-2216-44F1-8F18-E4BF54B1101D}.Debug|Win32.Build.0 = Debug|Win32
		{98C0DA35-2216-44F1-8F18-E4BF54B1101D}.Debug|x64.ActiveCfg = Debug|x64
		{98C0DA35-2216-44F1-8F18-E4BF54B1101D}.Debug|x64.Build.0 = Debug|x64
		{98C0DA35-2216-44F1-8F18-E4BF54B1101D}.Release|Win32.ActiveCfg = Release|Win32
		{98C0DA35-2216-44F1-8F18-E4BF54B1101D}.Release|Win32.Build.0 = Release|Win32
		{98C0DA35-2216-44F1-8F18-E4BF54B1101D}.Release|x64.ActiveCfg = Release|x64
		{98C0DA35-2216-44F1-8F18-E4BF54B1101D}.Release|x64.Build.0 = Release|x64
		{D9BD2E4A-FD00-4ECC-9ECC-26F090B07435}.Debug|Win32.ActiveCfg = Debug|Win32
		{D9BD2E4A-FD00-4ECC-9ECC-26F090B07435}.Debug|Win32.Build.0 = Debug|Win32
		{D9BD2E4A-FD00-4ECC-9ECC-26F090B07435}.Debug|x64.ActiveCfg = Debug|x64
		{D9BD2E4A-FD00-4ECC-9ECC-26F090B07435}.Debug|x64.Build.0 = Debug|x64
		{D9BD2E4A-FD00-4ECC-9ECC-26F090B07435}.Release|Win32.ActiveCfg = Release|Win32
		{D9BD2E4A-FD00-4ECC-9ECC-26F090B07435}.Release|Win32.Build.0 = Release|Win32
		{D9BD2E4A-FD00-4ECC-9ECC-26F090B07435}.Release|x64.ActiveCfg = Release|x64
		{D9BD2E4A-FD00-4ECC-9ECC-26F090B07435}.Release|x64.Build.0 = Release|x64
		{E9477709-DDDE-4E15-8951-9A87D325E8F1}.Debug|Win32.ActiveCfg = Debug|Win32
		{E9477709-DDDE-4E15-8951-9A87D325E8F1}.Debug|Win32.Build.0 = Debug|Win32
		{E9477709-DDDE-4E15-8951-9A87D325E8F1}.Debug|x64.ActiveCfg = Debug|x64
		{E9477709-DDDE-4E15-8951-9A87D325E8F1}.Debug|x64.Build.0 = Debug|x64
		{E9477709-DDDE-4E15-8951-9A87D325E8F1}.Release|Win32.ActiveCfg = Release|Win32
		{E9477709-DDDE-4E15-8951-9A87D325E8F1}.Release|Win32.Build.0 = Release|Win32
		{E9477709-DDDE-4E15-8951-9A87D325E8F1}.Release|x64.ActiveCfg = Release|x64
		{E9477709-DDDE-4E15-8951-9A87D325E8F1}.Release|x64.Build.0 = Release|x64
		{3A28D691-433C-482F-BB7F-961CE70D1270}.Debug|Win32.ActiveCfg = Debug|Win32
		{3A28D691-433C-482F-BB7F-961CE70D1270}.Debug|Win32.Build.0 = Debug|Win32
		{3A28D691-433C-482F-BB7F-961CE70D1270}.Debug|x64.ActiveCfg = Debug|x64
		{3A28D691-433C-482F-BB7F-961CE70D1270}.Debug|x64.Build.0 = Debug|x64
		{3A28D691-433C-482F-BB7F-961CE70D1270}.Release|Win32.ActiveCfg = Release|Win32
		{3A28D691-433C-482F-BB7F-961CE70D1270}.Release|Win32.Build.0 = Release|Win32
		{3A28D691-433C-482F-BB7F-961CE70D1270}.Release|x64.ActiveCfg = Release|x64
		{3A28D691-433C-482F-BB7F-961CE70D1270}.Release|x64.Build.0 = Release|x64
		{A861ECCE-97C7-4955-81DE-5EE259807A7A}.Debug|Win32.ActiveCfg = Debug|Win32
		{A861ECCE-97C7-4955-81DE-5EE259807A7A}.Debug|Win32.Build.0 = Debug|Win32
		{A861ECCE-97C7-4955-81DE-5EE259807A7A}.Debug|x64.ActiveCfg = Debug|x64
		{A861ECCE-97C7-4955-81DE-5EE259807A7A}.Debug|x64.Build.0 = Debug|x64
		{A861ECCE-97C7-4955-81DE-5EE259807A7A}.Release|Win32.ActiveCfg = Release|Win32
		{A861ECCE-97C7-4955-81DE-5EE259807A7A}.Release|Win32.Build.0 = Release|Win32
		{A861ECCE-97C7-4955-81DE-5EE259807A7A}.Release|x64.ActiveCfg = Release|x64
		{A861ECCE-97C7-4955-81DE-5EE259807A7A}.Release|x64.Build.0 = Release|x64
		{225C32A5-376A-4BDB-AB9E-28FECE57AA7D}.Debug|Win32.ActiveCfg = Debug|Win32
		{225C32A5-376A-4BDB-AB9E-28FECE57AA7D}.Debug|Win32.Build.0 = Debug|Win32
		{225C32A5-376A-4BDB-AB9E-28FECE57AA7D}.Debug|x64.ActiveCfg = Debug|x64
		{225C32A5-376A-4BDB-AB9E-28FECE57AA7D}.Debug|x64.Build.0 = Debug|x64
		{225C32A5-376A-4BDB-AB9E-28FECE57AA7D}.Release|Win32.ActiveCfg = Release|Win32
		{225C32A5-376A-4BDB-AB9E-28FECE57AA7D}.Release|Win32.Build.0 = Release|Win32
		{225C32A5-376A-4BDB-AB9E-28FECE57AA7D}.Release|x64.ActiveCfg = Release|x64
		{225C32A5-376A-4BDB-AB9E-28FECE57AA7D}.Release|x64.Build.0 = Release|x64
		{6B33EE69-9BE2-4F80-938D-F3467F61F73A}.Debug|Win32.ActiveCfg = Debug|Win32
		{6B33EE69-9BE2-4F80-938D-F3467F61F73A}.Debug|Win32.Build.0 = Debug|Win32
		{6B33EE69-9BE2-4F80-938D-F3467F61F73A}.Debug|x64.ActiveCfg = Debug|x64
		{6B33EE69-9BE2-4F80-938D-F3467F61F73A}.Debug|x64.Build.0 = Debug|x64
		{6B33EE69-9BE2-4F80-938D-F3467F61F73A}.Release|Win32.ActiveCfg = Release|Win32
		{6B33EE69-9BE2-4F80-938D-F3467F61F73A}.Release|Win32.Build.0 = Release|Win32
		{6B33EE69-9BE2-4F80-938D-F3467F61F73A}.Release|x64.ActiveCfg = Release|x64
		{6B33EE69-9BE2-4F80-938D-F3467F61F73A}.Release|x64.Build.0 = Release|x64
		{8F63DBD5-83EC-4363-B4CD-BF43BBF17F1E}.Debug|Win32.ActiveCfg = Debug|Win32
		{8F63DBD5-83EC-4363-B4CD-BF43BBF17F1E}.Debug|Win32.Build.0 = Debug|Win32
		{8F63DBD5-83EC-4363-B4CD-BF43BBF17F1E}.Debug|x64.ActiveCfg = Debug|x64
		{8F63DBD5-83EC-4363-B4CD-BF43BBF17F1E}.Debug|x64.Build.0 = Debug|x64
		{8F63DBD5-83EC-4363-B4CD-BF43BBF17F1E}.Release|Win32.ActiveCfg = Release|Win32
		{8F63DBD5-83EC-4363-B4CD-BF43BBF17F1E}.Release|Win32.Build.0 = Release|Win32
		{8F63DBD5-83EC-4363-B4CD-BF43BBF17F1E}.Release|x64.ActiveCfg = Release|x64
		{8F63DBD5-83EC-4363-B4CD-BF43BBF17F1E}.Release|x64.Build.0 = Release|x64
		{206CD330-859A-48A4-ABDB-EA7044A981EB}.Debug|Win32.ActiveCfg = Debug|Win32
		{206CD330-859A-48A4-ABDB-EA7044A981EB}.Debug|Win32.Build.0 = Debug|Win32
		{206CD330-859A-48A4-ABDB-EA7044A981EB}.Debug|x64.ActiveCfg = Debug|x64
		{206CD330-859A-48A4-ABDB-EA7044A981EB}.Debug|x64.Build.0 = Debug|x64
		{206CD330-859A-48A4-ABDB-EA7044A981EB}.Release|Win32.ActiveCfg = Release|Win32
		{206CD330-859A-48A4-ABDB-EA7044A981EB}.Release|Win32.Build.0 = Release|Win32
		{206CD330-859A-48A4-ABDB-EA7044A981EB}.Release|x64.ActiveCfg = Release|x64
		{206CD330-859A-48A4-ABDB-EA7044A981EB}.Release|x64.Build.0 = Release|x64
		{59521152-49BA-4212-9A6C-E8427507A4B3}.Debug|Win32.ActiveCfg = Debug|Win32
		{59521152-49BA-4212-9A6C-E8427507A4B3}.Debug|Win32.Build.0 = Debug|Win32
		{59521152-49BA-4212-9A6C-E8427507A4B3}.Debug|x64.ActiveCfg = Debug|x64
		{59521152-49BA-4212-9A6C-E8427507A4B3}.Debug|x64.Build.0 = Debug|x64
		{59521152-49BA-4212-9A6C-E8427507A4B3}.Release|Win32.ActiveCfg = Release|Win32
		{59521152-49BA-4212-9A6C-E8427507A4B3}.Release|Win32.Build.0 = Release|Win32
		{59521152-49BA-4212-9A6C-E8427507A4B3}.Release|x64.ActiveCfg = Release|x64
		{59521152-49BA-4212-9A6C-E8427507A4B3}.Release|x64.Build.0 = Release|x64
		{8800C851-24AF-474C-A631-761A14A5E278}.Debug|Win32.ActiveCfg = Debug|Win32
		{8800C851-24AF-474C-A631-761A14A5E278}.Debug|Win32.Build.0 = Debug|Win32
		{8800C851-24AF-474C-A631-761A14A5E278}.Debug|x64.ActiveCfg = Debug|x64
		{8800C851-24AF-474C-A631-761A14A5E278}.Debug|x64.Build.0 = Debug|x64
		{8800C851-24AF-474C-A631-761A14A5E278}.Release|Win32.ActiveCfg = Release|Win32
		{8800C851-24AF-474C-A631-761A14A5E278}.Release|Win32.Build.0 = Release|Win32
		{8800C851-24AF-474C-A631-761A14A5E278}.Release|x64.ActiveCfg = Release|x64
		{8800C851-24AF-474C-A631-761A14A5E278}.Release|x64.Build.0 = Release|x64
		{2ABFAA9B-7E79-4A96-9B0C-8FC727ABADA5}.Debug|Win32.ActiveCfg = Debug|Win32
		{2ABFAA9B-7E79-4A96-9B0C-8FC727ABADA5}.Debug|Win32.Build.0 = Debug|Win32
		{2ABFAA9B-7E79-4A96-9B0C-8FC727ABADA5}.Debug|x64.ActiveCfg = Debug|x64
		{2ABFAA9B-7E79-4A96-9B0C-8FC727ABADA5}.Debug|x64.Build.0 = Debug|x64
		{2ABFAA9B-7E79-4A96-9B0C-8FC727ABADA5}.Release|Win32.ActiveCfg = Release|Win32
		{2ABFAA9B-7E79-4A96-9B0C-8FC727ABADA5}.Release|Win32.Build.0 = Release|Win32
		{2ABFAA9B-7E79-4A96-9B0C-8FC727ABADA5}.Release|x64.ActiveCfg = Release|x64
		{2ABFAA9B-7E79-4A96-9B0C-8FC727ABADA5}.Release|x64.Build.0 = Release|x64
		{4AAEB1F0-3784-4798-B23C-237510B9553F}.Debug|Win32.ActiveCfg = Debug|Win32
		{4AAEB1F0-3784-4798-B23C-237510B9553F}.Debug|Win32.Build.0 = Debug|Win32
		{4AAEB1F0-3784-4798-B23C-237510B9553F}.Debug|x64.ActiveCfg = Debug|Win32
		{4AAEB1F0-3784-4798-B23C-237510B9553F}.Release|Win32.ActiveCfg = Release|Win32
		{4AAEB1F0-3784-4798-B23C-237510B9553F}.Release|Win32.Build.0 = Release|Win32
		{4AAEB1F0-3784-4798-B23C-237510B9553F}.Release|x64.ActiveCfg = Release|Win32
		{F94BE277-C639-46F3-88C0-BC14C993B0EB}.Debug|Win32.ActiveCfg = Debug|Win32
		{F94BE277-C639-46F3-88C0-BC14C993B0EB}.Debug|Win32.Build.0 = Debug|Win32
		{F94BE277-C639-46F3-88C0-BC14C993B0EB}.Debug|x64.ActiveCfg = Debug|Win32
		{F94BE277-C639-46F3-88C0-BC14C993B0EB}.Release|Win32.ActiveCfg = Release|Win32
		{F94BE277-C639-46F3-88C0-BC14C993B0EB}.Release|Win32.Build.0 = Release|Win32
		{F94BE277-C639-46F3-88C0-BC14C993B0EB}.Release|x64.ActiveCfg = Release|Win32
		{F1CD8E5D-CA85-4D0D-BC46-4FEDE3A8D614}.Debug|Win32.ActiveCfg = Debug|Win32
		{F1CD8E5D-CA85-4D0D-BC46-4FEDE3A8D614}.Debug|Win32.Build.0 = Debug|Win32
		{F1CD8E5D-CA85-4D0D-BC46-4FEDE3A8D614}.Debug|x64.ActiveCfg = Debug|x64
		{F1CD8E5D-CA85-4D0D-BC46-4FEDE3A8D614}.Debug|x64.Build.0 = Debug|x64
		{F1CD8E5D-CA85-4D0D-BC46-4FEDE3A8D614}.Release|Win32.ActiveCfg = Release|Win32
		{F1CD8E5D-CA85-4D0D-BC46-4FEDE3A8D614}.Release|Win32.Build.0 = Release|Win32
		{F1CD8E5D-CA85-4D0D-BC46-4FEDE3A8D614}.Release|x64.ActiveCfg = Release|x64
		{F1CD8E5D-CA85-4D0D-BC46-4FEDE3A8D614}.Release|x64.Build.0 = Release|x64
		{EE535F8C-63FD-49E8-9457-4467DDA711E6}.Debug|Win32.ActiveCfg = Debug|Win32
		{EE535F8C-63FD-49E8-9457-4467DDA711E6}.Debug|Win32.Build.0 = Debug|Win32
		{EE535F8C-63FD-49E8-9457-4467DDA711E6}.Debug|x64.ActiveCfg = Debug|x64
		{EE535F8C-63FD-49E8-9457-4467DDA711E6}.Debug|x64.Build.0 = Debug|x64
		{EE535F8C-63FD-49E8-9457-4467DDA711E6}.Release|Win32.ActiveCfg = Release|Win32
		{EE535F8C-63FD-49E8-9457-4467DDA711E6}.Release|Win32.Build.0 = Release|Win32
		{EE535F8C-63FD-49E8-9457-4467DDA711E6}.Release|x64.ActiveCfg = Release|x64
		{EE535F8C-63FD-49E8-9457-4467DDA711E6}.Release|x64.Build.0 = Release|x64
		{A5844E9A-B7FA-4B3A-8AA5-3D01674A4EF7}.Debug|Win32.ActiveCfg = Debug|Win32
		{A5844E9A-B7FA-4B3A-8AA5-3D01674A4EF7}.Debug|Win32.Build.0 = Debug|Win32
		{A5844E9A-B7FA-4B3A-8AA5-3D01674A4EF7}.Debug|x64.ActiveCfg = Debug|x64
		{A5844E9A-B7FA-4B3A-8AA5-3D01674A4EF7}.Debug|x64.Build.0 = Debug|x64
		{A5844E9A-B7FA-4B3A-8AA5-3D01674A4EF7}.Release|Win32.ActiveCfg = Release|Win32
		{A5844E9A-B7FA-4B3A-8AA5-3D01674A4EF7}.Release|Win32.Build.0 = Release|Win32
		{A5844E9A-B7FA-4B3A-8AA5-3D01674A4EF7}.Release|x64.ActiveCfg = Release|x64
		{A5844E9A-B7FA-4B3A-8AA5-3D01674A4EF7}.Release|x64.Build.0 = Release|x64
		{C36804DC-DD24-4DAE-BEB9-57F4B41D2E18}.Debug|Win32.ActiveCfg = Debug|Win32
		{C36804DC-DD24-4DAE-BEB9-57F4B41D2E18}.Debug|Win32.Build.0 = Debug|Win32
		{C36804DC-DD24-4DAE-BEB9-57F4B41D2E18}.Debug|x64.ActiveCfg = Debug|x64
		{C36804DC-DD24-4DAE-BEB9-57F4B41D2E18}.Debug|x64.Build.0 = Debug|x64
		{C36804DC-DD24-4DAE-BEB9-57F4B41D2E18}.Release|Win32.ActiveCfg = Release|Win32
		{C36804DC-DD24-4DAE-BEB9-57F4B41D2E18}.Release|Win32.Build.0 = Release|Win32
		{C36804DC-DD24-4DAE-BEB9-57F4B41D2E18}.Release|x64.ActiveCfg = Release|x64
		{C36804DC-DD24-4DAE-BEB9-57F4B41D2E18}.Release|x64.Build.0 = Release|x64
		{FE5F5FCD-3678-4B88-B5C2-5064F4EEEA7D}.Debug|Win32.ActiveCfg = Debug|Win32
		{FE5F5FCD-3678-4B88-B5C2-5064F4EEEA7D}.Debug|Win32.Build.0 = Debug|Win32
		{FE5F5FCD-3678-4B88-B5C2-5064F4EEEA7D}.Debug|x64.ActiveCfg = Debug|x64
		{FE5F5FCD-3678-4B88-B5C2-5064F4EEEA7D}.Debug|x64.Build.0 = Debug|x64
		{FE5F5FCD-3678-4B88-B5C2-5064F4EEEA7D}.Release|Win32.ActiveCfg = Release|Win32
		{FE5F5FCD-3678-4B88-B5C2-5064F4EEEA7D}.Release|Win32.Build.0 = Release|Win32
		{FE5F5FCD-3678-4B88-B5C2-5064F4EEEA7D}.Release|x64.ActiveCfg = Release|x64
		{FE5F5FCD-3678-4B88-B5C2-5064F4EEEA7D}.Release|x64.Build.0 = Release|x64
		{D8B7C78A-C198-4C68-8A18-36827B792093}.Debug|Win32.ActiveCfg = Debug|Win32
		{D8B7C78A-C198-4C68-8A18-36827B792093}.Debug|Win32.Build.0 = Debug|Win32
		{D8B7C78A-C198-4C68-8A18-36827B792093}.Debug|x64.ActiveCfg = Debug|x64
		{D8B7C78A-C198-4C68-8A18-36827B792093}.Debug|x64.Build.0 = Debug|x64
		{D8B7C78A-C198-4C68-8A18-36827B792093}.Release|Win32.ActiveCfg = Release|Win32
		{D8B7C78A-C198-4C68-8A18-36827B792093}.Release|Win32.Build.0 = Release|Win32
		{D8B7C78A-C198-4C68-8A18-36827B792093}.Release|x64.ActiveCfg = Release|x64
		{D8B7C78A-C198-4C68-8A18-36827B792093}.Release|x64.Build.0 = Release|x64
		{F0283D12-891F-4B52-A06E-3D1FFEF09A7B}.Debug|Win32.ActiveCfg = Debug|Win32
		{F0283D12-891F-4B52-A06E-3D1FFEF09A7B}.Debug|Win32.Build.0 = Debug|Win32
		{F0283D12-891F-4B52-A06E-3D1FFEF09A7B}.Debug|x64.ActiveCfg = Debug|x64
		{F0283D12-891F-4B52-A06E-3D1FFEF09A7B}.Debug|x64.Build.0 = Debug|x64
		{F0283D12-891F-4B52-A06E-3D1FFEF09A7B}.Release|Win32.ActiveCfg = Release|Win32
		{F0283D12-891F-4B52-A06E-3D1FFEF09A7B}.Release|Win32.Build.0 = Release|Win32
		{F0283D12-891F-4B52-A06E-3D1FFEF09A7B}.Release|x64.ActiveCfg = Release|x64
		{F0283D12-891F-4B52-A06E-3D1FFEF09A7B}.Release|x64.Build.0 = Release|x64
		{3A2AB175-EE19-4078-8351-1CD9B0D0A318}.Debug|Win32.ActiveCfg = Debug|Win32
		{3A2AB175-EE19-4078-8351-1CD9B0D0A318}.Debug|Win32.Build.0 = Debug|Win32
		{3A2AB175-EE19-4078-8351-1CD9B0D0A318}.Debug|x64.ActiveCfg = Debug|x64
		{3A2AB175-EE19-4078-8351-1CD9B0D0A318}.Debug|x64.Build.0 = Debug|x64
		{3A2AB175-EE19-4078-8351-1CD9B0D0A318}.Release|Win32.ActiveCfg = Release|Win32
		{3A2AB175-EE19-4078-8351-1CD9B0D0A318}.Release|Win32.Build.0 = Release|Win32
		{3A2AB175-EE19-4078-8351-1CD9B0D0A318}.Release|x64.ActiveCfg = Release|x64
		{3A2AB175-EE19-4078-8351-1CD9B0D0A318}.Release|x64.Build.0 = Release|x64
		{D2301B1B-C737-4152-9775-1D5B818B353D}.Debug|Win32.ActiveCfg = Debug|Win32
		{D2301B1B-C737-4152-9775-1D5B818B353D}.Debug|Win32.Build.0 = Debug|Win32
		{D2301B1B-C737-4152-9775-1D5B818B353D}.Debug|x64.ActiveCfg = Debug|x64
		{D2301B1B-C737-4152-9775-1D5B818B353D}.Debug|x64.Build.0 = Debug|x64
		{D2301B1B-C737-4152-9775-1D5B818B353D}.Release|Win32.ActiveCfg = Release|Win32
		{D2301B1B-C737-4152-9775-1D5B818B353D}.Release|Win32.Build.0 = Release|Win32
		{D2301B1B-C737-4152-9775-1D5B818B353D}.Release|x64.ActiveCfg = Release|x64
		{D2301B1B-C737-4152-9775-1D5B818B353D}.Release|x64.Build.0 = Release|x64
		{C1914B37-1933-40A3-9F77-BA94F80B02E0}.Debug|Win32.ActiveCfg = Debug|Win32
		{C1914B37-1933-40A3-9F77-BA94F80B02E0}.Debug|Win32.Build.0 = Debug|Win32
		{C1914B37-1933-40A3-9F77-BA94F80B02E0}.Debug|x64.ActiveCfg = Debug|x64
		{C1914B37-1933-40A3-9F77-BA94F80B02E0}.Debug|x64.Build.0 = Debug|x64
		{C1914B37-1933-40A3-9F77-BA94F80B02E0}.Release|Win32.ActiveCfg = Release|Win32
		{C1914B37-1933-40A3-9F77-BA94F80B02E0}.Release|Win32.Build.0 = Release|Win32
		{C1914B37-1933-40A3-9F77-BA94F80B02E0}.Release|x64.ActiveCfg = Release|x64
		{C1914B37-1933-40A3-9F77-BA94F80B02E0}.Release|x64.Build.0 = Release|x64
	EndGlobalSection
	GlobalSection(SolutionProperties) = preSolution
		HideSolutionNode = FALSE
	EndGlobalSection
	GlobalSection(ExtensibilityGlobals) = postSolution
		SolutionGuid = {B4B196BA-3154-4EC9-9300-20FF539E5BA4}
	EndGlobalSection
EndGlobal
