<?xml version="1.0" encoding="utf-8"?>
<Project ToolsVersion="4.0" xmlns="http://schemas.microsoft.com/developer/msbuild/2003">
  <ItemGroup>
    <Filter Include="Source Files">
      <UniqueIdentifier>{8a5b8690-b6e0-4c94-977c-cb410cd32e88}</UniqueIdentifier>
      <Extensions>cpp;c;cxx;rc;def;r;odl;idl;hpj;bat;f90;for;f;fpp</Extensions>
    </Filter>
    <Filter Include="Header Files">
      <UniqueIdentifier>{e339a2e3-f8fb-4311-a5ff-3004b07c13cb}</UniqueIdentifier>
      <Extensions>h;hpp;hxx;hm;inl;fi;fd</Extensions>
    </Filter>
    <Filter Include="Resource Files">
      <UniqueIdentifier>{ea121b45-f5f0-4390-a68e-ef514d19f8a8}</UniqueIdentifier>
      <Extensions>ico;cur;bmp;dlg;rc2;rct;bin;rgs;gif;jpg;jpeg;jpe</Extensions>
    </Filter>
  </ItemGroup>
  <ItemGroup>
    <ClCompile Include="ex_ccp_kilosa.c">
      <Filter>Source Files</Filter>
    </ClCompile>
  </ItemGroup>
</Project>